
Microsoft Visual Studio Solution File, Format Version 12.00
# Visual Studio Version 16
VisualStudioVersion = 25.0.1706.0
MinimumVisualStudioVersion = 10.0.40219.1
Project("{FAE04EC0-301F-11D3-BF4B-00C04F79EFBC}") = "Lab2_z4", "Lab2_z4\Lab2_z4.csproj", "{AEC46AD5-55EF-4CE8-8367-587C844CA1E8}"
EndProject
Global
	GlobalSection(SolutionConfigurationPlatforms) = preSolution
		Debug|Any CPU = Debug|Any CPU
		Release|Any CPU = Release|Any CPU
	EndGlobalSection
	GlobalSection(ProjectConfigurationPlatforms) = postSolution
		{AEC46AD5-55EF-4CE8-8367-587C844CA1E8}.Debug|Any CPU.ActiveCfg = Debug|Any CPU
		{AEC46AD5-55EF-4CE8-8367-587C844CA1E8}.Debug|Any CPU.Build.0 = Debug|Any CPU
		{AEC46AD5-55EF-4CE8-8367-587C844CA1E8}.Release|Any CPU.ActiveCfg = Release|Any CPU
		{AEC46AD5-55EF-4CE8-8367-587C844CA1E8}.Release|Any CPU.Build.0 = Release|Any CPU
	EndGlobalSection
	GlobalSection(SolutionProperties) = preSolution
		HideSolutionNode = FALSE
	EndGlobalSection
	GlobalSection(ExtensibilityGlobals) = postSolution
		SolutionGuid = {1369690C-CADB-49FC-B8E0-A5E4EE2BB082}
	EndGlobalSection
EndGlobal
